
Microsoft Visual Studio Solution File, Format Version 12.00
# Visual Studio 15
VisualStudioVersion = 15.0.27703.2026
MinimumVisualStudioVersion = 10.0.40219.1
Project("{FAE04EC0-301F-11D3-BF4B-00C04F79EFBC}") = "MergeConflict", "MergeConflict\MergeConflict.csproj", "{4C4F1165-AFA4-45E7-ABE3-D02A2F3065DA}"
EndProject
Global
	GlobalSection(SolutionConfigurationPlatforms) = preSolution
		Debug|Any CPU = Debug|Any CPU
		Release|Any CPU = Release|Any CPU
	EndGlobalSection
	GlobalSection(ProjectConfigurationPlatforms) = postSolution
		{4C4F1165-AFA4-45E7-ABE3-D02A2F3065DA}.Debug|Any CPU.ActiveCfg = Debug|Any CPU
		{4C4F1165-AFA4-45E7-ABE3-D02A2F3065DA}.Debug|Any CPU.Build.0 = Debug|Any CPU
		{4C4F1165-AFA4-45E7-ABE3-D02A2F3065DA}.Release|Any CPU.ActiveCfg = Release|Any CPU
		{4C4F1165-AFA4-45E7-ABE3-D02A2F3065DA}.Release|Any CPU.Build.0 = Release|Any CPU
	EndGlobalSection
	GlobalSection(SolutionProperties) = preSolution
		HideSolutionNode = FALSE
	EndGlobalSection
	GlobalSection(ExtensibilityGlobals) = postSolution
		SolutionGuid = {F059066D-7713-428D-A2C5-67937CD4E70E}
	EndGlobalSection
EndGlobal
